PackratFormat: 1.4
PackratVersion: 0.4.0.5
RVersion: 3.1.1
Repos: =http://cran.us.r-project.org,
    BioCsoft=http://bioconductor.org/packages/2.14/bioc,
    BioCann=http://bioconductor.org/packages/2.14/data/annotation,
    BioCexp=http://bioconductor.org/packages/2.14/data/experiment,
    BioCextra=http://bioconductor.org/packages/2.14/extra,
    CRAN=http://cran.fhcrc.org

Package: ade4
Source: CRAN
Version: 1.6-2
Hash: b0b791caa767bbba081f79d74b87b06f

Package: annotate
Source: Bioconductor
Version: 1.42.1
Hash: 7c8ab3c0f5d7d26c16e1c59cc2b8281a
Requires: AnnotationDbi, Biobase, BiocGenerics, DBI, XML, xtable

Package: AnnotationDbi
Source: Bioconductor
Version: 1.26.0
Hash: b6a2da11accc6a534765f3844ce28ba6
Requires: Biobase, BiocGenerics, DBI, GenomeInfoDb, IRanges, RSQLite

Package: ape
Source: CRAN
Version: 3.1-4
Hash: 5534b1e696b5b09242c692dfbe242739
Requires: lattice, nlme

Package: assertthat
Source: CRAN
Version: 0.1
Hash: 4b419cfdc33a3019a7f3c6f0cdea6c38

Package: BH
Source: CRAN
Version: 1.54.0-3
Hash: 74c05300b5f2faed25f80fd6ed7c66e0

Package: Biobase
Source: Bioconductor
Version: 2.24.0
Hash: 4f0274593caa26e59ae18db561d62908
Requires: BiocGenerics

Package: BiocGenerics
Source: Bioconductor
Version: 0.10.0
Hash: b6c70fc618424d8147d06f1b97858ceb

Package: biom
Source: CRAN
Version: 0.3.12
Hash: d5481d523fd8bc2a0fac5592cdd44272
Requires: Matrix, plyr, RJSONIO

Package: Biostrings
Source: Bioconductor
Version: 2.32.1
Hash: 171e86bb3653c7f5e7fc15bad8302eef
Requires: BiocGenerics, IRanges, XVector, zlibbioc

Package: boot
Source: CRAN
Version: 1.3-11
Hash: bf64875e9a47ae2a7f134acd2ab8aeef

Package: cluster
Source: CRAN
Version: 1.15.2
Hash: 7036bc656de12bbe8de1c6e1c5490d80

Package: codetools
Source: CRAN
Version: 0.2-8
Hash: 52985300f0c65940e81eb0b8903c06cd

Package: colorspace
Source: CRAN
Version: 1.2-4
Hash: b775bd08a10f968fef582304b7c3ab9c

Package: data.table
Source: CRAN
Version: 1.9.2
Hash: f4b376b88117e86fad182086ed992829
Requires: reshape2

Package: DBI
Source: CRAN
Version: 0.2-7
Hash: 0db80a2ee3da6648eef2cbf0f4a0aed9

Package: DESeq2
Source: Bioconductor
Version: 1.4.5
Hash: de387b54b287ae8ccdd4ae999282452e
Requires: BiocGenerics, genefilter, geneplotter, GenomicRanges,
    IRanges, lattice, locfit, RColorBrewer, Rcpp, RcppArmadillo

Package: dichromat
Source: CRAN
Version: 2.0-0
Hash: 42be2136555fa4b6167605df56d8cd7c

Package: digest
Source: CRAN
Version: 0.6.4
Hash: e4bf0e79b15a352510aff0de905d31e2

Package: dplyr
Source: CRAN
Version: 0.2
Hash: 4f2d5b1d4234fc2222b023a2e0c0555a
Requires: assertthat, BH, hflights, Lahman, magrittr, Rcpp

Package: edgeR
Source: Bioconductor
Version: 3.6.7
Hash: 36fc421b9b9b1ea2f3ce6165e3fd3702
Requires: limma

Package: foreach
Source: CRAN
Version: 1.4.2
Hash: fbdaa99f6c6bd4f252c5d8412f6e79c9
Requires: codetools, iterators

Package: genefilter
Source: Bioconductor
Version: 1.46.1
Hash: 12452d798d435f14760c22383a344bcf
Requires: annotate, AnnotationDbi, Biobase, survival

Package: geneplotter
Source: Bioconductor
Version: 1.42.0
Hash: 841561ebcc589344005c15730f017b28
Requires: annotate, AnnotationDbi, Biobase, BiocGenerics, lattice,
    RColorBrewer

Package: GenomeInfoDb
Source: Bioconductor
Version: 1.0.2
Hash: ee5a1f4fe5e3caa08293c78be19b35ca

Package: GenomicRanges
Source: Bioconductor
Version: 1.16.4
Hash: 54d70eb79bf7434776b3f4fd238a0d2d
Requires: BiocGenerics, GenomeInfoDb, IRanges, XVector

Package: getopt
Source: CRAN
Version: 1.20.0
Hash: c98cc5db7bf0621cc8f02595e8400ec2

Package: ggplot2
Source: CRAN
Version: 1.0.0
Hash: c8bff66238347472f08b6a35608539ff
Requires: digest, gtable, MASS, plyr, proto, reshape2, scales

Package: gtable
Source: CRAN
Version: 0.1.2
Hash: 0cf4a2b54c02b35dec7e74a8ebed12a0

Package: hflights
Source: CRAN
Version: 0.1
Hash: c695268ebb08ef39e7bf4909e667406c

Package: igraph
Source: CRAN
Version: 0.7.1
Hash: e82d8e897ee5f480edb6a68b3d949dba
Requires: Matrix

Package: IRanges
Source: Bioconductor
Version: 1.22.10
Hash: fe4a7edc04d7d9305c9f414fb790aad7
Requires: BiocGenerics

Package: iterators
Source: CRAN
Version: 1.0.7
Hash: b5320a58712688d5b18c207cf256ef3f

Package: labeling
Source: CRAN
Version: 0.2
Hash: 25f63495dfb737e67bd75fc1eb58ff2c

Package: Lahman
Source: CRAN
Version: 2.0-3
Hash: 45a202fe77d745af4b76d0683abf5963

Package: lattice
Source: CRAN
Version: 0.20-29
Hash: 17e9fe582d11197544a5ec817a80b21e

Package: limma
Source: Bioconductor
Version: 3.20.8
Hash: 3891c6f2218e5f5a1fc5a92fa6d54f76

Package: locfit
Source: CRAN
Version: 1.5-9.1
Hash: f50f72e2b1a3ae02e591bceab01bcf27
Requires: lattice

Package: magrittr
Source: CRAN
Version: 1.0.1
Hash: 576e5bf21e3801499cebc27af6ad1627

Package: MASS
Source: CRAN
Version: 7.3-33
Hash: a39763fb1980843f13616be87e879ac9

Package: Matrix
Source: CRAN
Version: 1.1-4
Hash: 09826c0d5d08defcc73e71afda63590c
Requires: lattice

Package: multtest
Source: Bioconductor
Version: 2.20.0
Hash: a9bf8889efc141a936bf2d014585e612
Requires: Biobase, MASS, survival

Package: munsell
Source: CRAN
Version: 0.4.2
Hash: fa8af6d040041439b249351e9d16ae9a
Requires: colorspace

Package: nlme
Source: CRAN
Version: 3.1-117
Hash: 2c835a1c4e1e0b48e614a8a4691a5ce3
Requires: lattice

Package: optparse
Source: CRAN
Version: 1.2.0
Hash: fd6becbcead70060bf3998713bdc5188
Requires: getopt

Package: packrat
Source: github
Version: 0.4.0.5
Hash: 76abbefacf6fda8859f3bb3ac0ab63ca92384829
GithubRepo: packrat
GithubUsername: rstudio
GithubRef: master
GithubSha1: 76abbefacf6fda8859f3bb3ac0ab63ca92384829

Package: pander
Source: CRAN
Version: 0.3.8
Hash: b867a27efb0ed511ec115bc9c34547b8
Requires: digest

Package: perm
Source: CRAN
Version: 1.0-0.0
Hash: 1a6523ea2d1714777c517c4639268148

Package: permute
Source: CRAN
Version: 0.8-3
Hash: 92a39171e57ccc8c82abc65db2ef593d

Package: phyloseq
Source: Bioconductor
Version: 1.8.2
Hash: 9dc7ac0ab7b508028b8a34ec5ca9b30f
Requires: ade4, ape, biom, Biostrings, cluster, data.table, DESeq2,
    foreach, ggplot2, igraph, multtest, plyr, reshape2, scales, vegan

Package: plyr
Source: CRAN
Version: 1.8.1
Hash: be21bad411e628f810a92212e17b5be7
Requires: Rcpp

Package: pROC
Source: CRAN
Version: 1.7.3
Hash: 3afc40026a76b0bb2359d2b40e1485d0
Requires: plyr, Rcpp

Package: proto
Source: CRAN
Version: 0.3-10
Hash: 668a9e87cedbdc5f56c396edf1bd2648

Package: randomNames
Source: CRAN
Version: 0.0-6
Hash: 11bffad9c9e96f2d03a0d889e86e0401
Requires: data.table

Package: RColorBrewer
Source: CRAN
Version: 1.0-5
Hash: 6a849b729bec970204ca88b96906adbc

Package: Rcpp
Source: CRAN
Version: 0.11.2
Hash: ef2b1a5e45d1461bd720e4ebbe48e601

Package: RcppArmadillo
Source: CRAN
Version: 0.4.320.0
Hash: 864c201d0a000cad6a289f091a7c0231
Requires: Rcpp

Package: reshape2
Source: CRAN
Version: 1.4
Hash: b210925e978fd52ad5eb0822a353e7ce
Requires: plyr, Rcpp, stringr

Package: RJSONIO
Source: CRAN
Version: 1.3-0
Hash: 8b1341dfd547c90ed4b3365d5aa46a7b

Package: RSQLite
Source: CRAN
Version: 0.11.4
Hash: ec89370302e0078555a54c57b61373e2
Requires: DBI

Package: scales
Source: CRAN
Version: 0.2.4
Hash: b8b1af97bd07818605223060386b00dd
Requires: dichromat, labeling, munsell, plyr, RColorBrewer

Package: stringr
Source: CRAN
Version: 0.6.2
Hash: cdde0cfa0f52cffeaca23a11a3899779

Package: survival
Source: CRAN
Version: 2.37-7
Hash: 09a1e94314fb616ea6f454dee9d75cdc

Package: vegan
Source: CRAN
Version: 2.0-10
Hash: e8d0d575c0cbce6da2c8777ac291e5aa
Requires: lattice, permute

Package: XML
Source: CRAN
Version: 3.98-1.1
Hash: 13746d37588e7083349177d6e8234864

Package: xtable
Source: CRAN
Version: 1.7-3
Hash: af110253b140f3f7199c0cac37536a2f

Package: XVector
Source: Bioconductor
Version: 0.4.0
Hash: 7083e3d54069fdf11a0ae1f4e6b3d0c7
Requires: BiocGenerics, IRanges

Package: zlibbioc
Source: Bioconductor
Version: 1.10.0
Hash: 66480582cb80602e4a7e68f478a7307a
